
Microsoft Visual Studio Solution File, Format Version 12.00
# Visual Studio Version 17
VisualStudioVersion = 17.14.36511.14 d17.14
MinimumVisualStudioVersion = 10.0.40219.1
Project("{8BC9CEB8-8B4A-11D0-8D11-00A0C91BC942}") = "Lab_03", "Lab_03\Lab_03.vcxproj", "{0EC24B0F-4982-427A-9C0B-0A380B1E55A5}"
EndProject
Project("{8BC9CEB8-8B4A-11D0-8D11-00A0C91BC942}") = "Client", "Client\Client.vcxproj", "{99624A7E-1BBC-4A6F-917C-120B6D8FAF23}"
EndProject
Global
	GlobalSection(SolutionConfigurationPlatforms) = preSolution
		Debug|x64 = Debug|x64
		Debug|x86 = Debug|x86
		Release|x64 = Release|x64
		Release|x86 = Release|x86
	EndGlobalSection
	GlobalSection(ProjectConfigurationPlatforms) = postSolution
		{0EC24B0F-4982-427A-9C0B-0A380B1E55A5}.Debug|x64.ActiveCfg = Debug|x64
		{0EC24B0F-4982-427A-9C0B-0A380B1E55A5}.Debug|x64.Build.0 = Debug|x64
		{0EC24B0F-4982-427A-9C0B-0A380B1E55A5}.Debug|x86.ActiveCfg = Debug|Win32
		{0EC24B0F-4982-427A-9C0B-0A380B1E55A5}.Debug|x86.Build.0 = Debug|Win32
		{0EC24B0F-4982-427A-9C0B-0A380B1E55A5}.Release|x64.ActiveCfg = Release|x64
		{0EC24B0F-4982-427A-9C0B-0A380B1E55A5}.Release|x64.Build.0 = Release|x64
		{0EC24B0F-4982-427A-9C0B-0A380B1E55A5}.Release|x86.ActiveCfg = Release|Win32
		{0EC24B0F-4982-427A-9C0B-0A380B1E55A5}.Release|x86.Build.0 = Release|Win32
		{99624A7E-1BBC-4A6F-917C-120B6D8FAF23}.Debug|x64.ActiveCfg = Debug|x64
		{99624A7E-1BBC-4A6F-917C-120B6D8FAF23}.Debug|x64.Build.0 = Debug|x64
		{99624A7E-1BBC-4A6F-917C-120B6D8FAF23}.Debug|x86.ActiveCfg = Debug|Win32
		{99624A7E-1BBC-4A6F-917C-120B6D8FAF23}.Debug|x86.Build.0 = Debug|Win32
		{99624A7E-1BBC-4A6F-917C-120B6D8FAF23}.Release|x64.ActiveCfg = Release|x64
		{99624A7E-1BBC-4A6F-917C-120B6D8FAF23}.Release|x64.Build.0 = Release|x64
		{99624A7E-1BBC-4A6F-917C-120B6D8FAF23}.Release|x86.ActiveCfg = Release|Win32
		{99624A7E-1BBC-4A6F-917C-120B6D8FAF23}.Release|x86.Build.0 = Release|Win32
	EndGlobalSection
	GlobalSection(SolutionProperties) = preSolution
		HideSolutionNode = FALSE
	EndGlobalSection
	GlobalSection(ExtensibilityGlobals) = postSolution
		SolutionGuid = {5D91CC93-714F-4C7C-B5D8-DF9B8846ED0D}
	EndGlobalSection
EndGlobal
